
Microsoft Visual Studio Solution File, Format Version 12.00
# Visual Studio 14
VisualStudioVersion = 14.0.24720.0
MinimumVisualStudioVersion = 10.0.40219.1
Project("{00D1A9C2-B5F0-4AF3-8072-F6C62B433612}") = "ProjectDB", "ProjectDB\ProjectDB.sqlproj", "{74C2C6B7-B158-45AB-A679-934AC2D0B2B0}"
EndProject
Project("{FAE04EC0-301F-11D3-BF4B-00C04F79EFBC}") = "ProjectModels", "ProjectModels\ProjectModels.csproj", "{B03DD9D1-C04C-4D29-B151-BA385EE78F45}"
EndProject
Project("{E24C65DC-7377-472B-9ABA-BC803B73C61A}") = "ProjectService", "ProjectService\", "{942E58B0-A334-4A64-AA72-86CA7F7DDFC0}"
	ProjectSection(WebsiteProperties) = preProject
		TargetFrameworkMoniker = ".NETFramework,Version%3Dv4.6.1"
		ProjectReferences = "{b03dd9d1-c04c-4d29-b151-ba385ee78f45}|ProjectModels.dll;"
		Debug.AspNetCompiler.VirtualPath = "/localhost_51074"
		Debug.AspNetCompiler.PhysicalPath = "ProjectService\"
		Debug.AspNetCompiler.TargetPath = "PrecompiledWeb\localhost_51074\"
		Debug.AspNetCompiler.Updateable = "true"
		Debug.AspNetCompiler.ForceOverwrite = "true"
		Debug.AspNetCompiler.FixedNames = "false"
		Debug.AspNetCompiler.Debug = "True"
		Release.AspNetCompiler.VirtualPath = "/localhost_51074"
		Release.AspNetCompiler.PhysicalPath = "ProjectService\"
		Release.AspNetCompiler.TargetPath = "PrecompiledWeb\localhost_51074\"
		Release.AspNetCompiler.Updateable = "true"
		Release.AspNetCompiler.ForceOverwrite = "true"
		Release.AspNetCompiler.FixedNames = "false"
		Release.AspNetCompiler.Debug = "False"
		VWDPort = "51074"
		SlnRelativePath = "ProjectService\"
		DefaultWebSiteLanguage = "Visual C#"
	EndProjectSection
EndProject
Project("{FAE04EC0-301F-11D3-BF4B-00C04F79EFBC}") = "ProjectW10Client", "ProjectW10Client\ProjectW10Client.csproj", "{16F95AB2-2F00-4C50-BFA4-581E9AB65B9B}"
	ProjectSection(ProjectDependencies) = postProject
		{942E58B0-A334-4A64-AA72-86CA7F7DDFC0} = {942E58B0-A334-4A64-AA72-86CA7F7DDFC0}
	EndProjectSection
EndProject
Global
	GlobalSection(SolutionConfigurationPlatforms) = preSolution
		Debug|Any CPU = Debug|Any CPU
		Debug|ARM = Debug|ARM
		Debug|x64 = Debug|x64
		Debug|x86 = Debug|x86
		Release|Any CPU = Release|Any CPU
		Release|ARM = Release|ARM
		Release|x64 = Release|x64
		Release|x86 = Release|x86
	EndGlobalSection
	GlobalSection(ProjectConfigurationPlatforms) = postSolution
		{74C2C6B7-B158-45AB-A679-934AC2D0B2B0}.Debug|Any CPU.ActiveCfg = Debug|Any CPU
		{74C2C6B7-B158-45AB-A679-934AC2D0B2B0}.Debug|Any CPU.Build.0 = Debug|Any CPU
		{74C2C6B7-B158-45AB-A679-934AC2D0B2B0}.Debug|Any CPU.Deploy.0 = Debug|Any CPU
		{74C2C6B7-B158-45AB-A679-934AC2D0B2B0}.Debug|ARM.ActiveCfg = Debug|Any CPU
		{74C2C6B7-B158-45AB-A679-934AC2D0B2B0}.Debug|ARM.Build.0 = Debug|Any CPU
		{74C2C6B7-B158-45AB-A679-934AC2D0B2B0}.Debug|ARM.Deploy.0 = Debug|Any CPU
		{74C2C6B7-B158-45AB-A679-934AC2D0B2B0}.Debug|x64.ActiveCfg = Debug|Any CPU
		{74C2C6B7-B158-45AB-A679-934AC2D0B2B0}.Debug|x64.Build.0 = Debug|Any CPU
		{74C2C6B7-B158-45AB-A679-934AC2D0B2B0}.Debug|x64.Deploy.0 = Debug|Any CPU
		{74C2C6B7-B158-45AB-A679-934AC2D0B2B0}.Debug|x86.ActiveCfg = Debug|Any CPU
		{74C2C6B7-B158-45AB-A679-934AC2D0B2B0}.Debug|x86.Build.0 = Debug|Any CPU
		{74C2C6B7-B158-45AB-A679-934AC2D0B2B0}.Debug|x86.Deploy.0 = Debug|Any CPU
		{74C2C6B7-B158-45AB-A679-934AC2D0B2B0}.Release|Any CPU.ActiveCfg = Release|Any CPU
		{74C2C6B7-B158-45AB-A679-934AC2D0B2B0}.Release|Any CPU.Build.0 = Release|Any CPU
		{74C2C6B7-B158-45AB-A679-934AC2D0B2B0}.Release|Any CPU.Deploy.0 = Release|Any CPU
		{74C2C6B7-B158-45AB-A679-934AC2D0B2B0}.Release|ARM.ActiveCfg = Release|Any CPU
		{74C2C6B7-B158-45AB-A679-934AC2D0B2B0}.Release|ARM.Build.0 = Release|Any CPU
		{74C2C6B7-B158-45AB-A679-934AC2D0B2B0}.Release|ARM.Deploy.0 = Release|Any CPU
		{74C2C6B7-B158-45AB-A679-934AC2D0B2B0}.Release|x64.ActiveCfg = Release|Any CPU
		{74C2C6B7-B158-45AB-A679-934AC2D0B2B0}.Release|x64.Build.0 = Release|Any CPU
		{74C2C6B7-B158-45AB-A679-934AC2D0B2B0}.Release|x64.Deploy.0 = Release|Any CPU
		{74C2C6B7-B158-45AB-A679-934AC2D0B2B0}.Release|x86.ActiveCfg = Release|Any CPU
		{74C2C6B7-B158-45AB-A679-934AC2D0B2B0}.Release|x86.Build.0 = Release|Any CPU
		{74C2C6B7-B158-45AB-A679-934AC2D0B2B0}.Release|x86.Deploy.0 = Release|Any CPU
		{B03DD9D1-C04C-4D29-B151-BA385EE78F45}.Debug|Any CPU.ActiveCfg = Debug|Any CPU
		{B03DD9D1-C04C-4D29-B151-BA385EE78F45}.Debug|Any CPU.Build.0 = Debug|Any CPU
		{B03DD9D1-C04C-4D29-B151-BA385EE78F45}.Debug|ARM.ActiveCfg = Debug|Any CPU
		{B03DD9D1-C04C-4D29-B151-BA385EE78F45}.Debug|ARM.Build.0 = Debug|Any CPU
		{B03DD9D1-C04C-4D29-B151-BA385EE78F45}.Debug|x64.ActiveCfg = Debug|Any CPU
		{B03DD9D1-C04C-4D29-B151-BA385EE78F45}.Debug|x64.Build.0 = Debug|Any CPU
		{B03DD9D1-C04C-4D29-B151-BA385EE78F45}.Debug|x86.ActiveCfg = Debug|Any CPU
		{B03DD9D1-C04C-4D29-B151-BA385EE78F45}.Debug|x86.Build.0 = Debug|Any CPU
		{B03DD9D1-C04C-4D29-B151-BA385EE78F45}.Release|Any CPU.ActiveCfg = Release|Any CPU
		{B03DD9D1-C04C-4D29-B151-BA385EE78F45}.Release|Any CPU.Build.0 = Release|Any CPU
		{B03DD9D1-C04C-4D29-B151-BA385EE78F45}.Release|ARM.ActiveCfg = Release|Any CPU
		{B03DD9D1-C04C-4D29-B151-BA385EE78F45}.Release|ARM.Build.0 = Release|Any CPU
		{B03DD9D1-C04C-4D29-B151-BA385EE78F45}.Release|x64.ActiveCfg = Release|Any CPU
		{B03DD9D1-C04C-4D29-B151-BA385EE78F45}.Release|x64.Build.0 = Release|Any CPU
		{B03DD9D1-C04C-4D29-B151-BA385EE78F45}.Release|x86.ActiveCfg = Release|Any CPU
		{B03DD9D1-C04C-4D29-B151-BA385EE78F45}.Release|x86.Build.0 = Release|Any CPU
		{942E58B0-A334-4A64-AA72-86CA7F7DDFC0}.Debug|Any CPU.ActiveCfg = Debug|Any CPU
		{942E58B0-A334-4A64-AA72-86CA7F7DDFC0}.Debug|Any CPU.Build.0 = Debug|Any CPU
		{942E58B0-A334-4A64-AA72-86CA7F7DDFC0}.Debug|ARM.ActiveCfg = Debug|Any CPU
		{942E58B0-A334-4A64-AA72-86CA7F7DDFC0}.Debug|ARM.Build.0 = Debug|Any CPU
		{942E58B0-A334-4A64-AA72-86CA7F7DDFC0}.Debug|x64.ActiveCfg = Debug|Any CPU
		{942E58B0-A334-4A64-AA72-86CA7F7DDFC0}.Debug|x64.Build.0 = Debug|Any CPU
		{942E58B0-A334-4A64-AA72-86CA7F7DDFC0}.Debug|x86.ActiveCfg = Debug|Any CPU
		{942E58B0-A334-4A64-AA72-86CA7F7DDFC0}.Debug|x86.Build.0 = Debug|Any CPU
		{942E58B0-A334-4A64-AA72-86CA7F7DDFC0}.Release|Any CPU.ActiveCfg = Debug|Any CPU
		{942E58B0-A334-4A64-AA72-86CA7F7DDFC0}.Release|Any CPU.Build.0 = Debug|Any CPU
		{942E58B0-A334-4A64-AA72-86CA7F7DDFC0}.Release|ARM.ActiveCfg = Debug|Any CPU
		{942E58B0-A334-4A64-AA72-86CA7F7DDFC0}.Release|ARM.Build.0 = Debug|Any CPU
		{942E58B0-A334-4A64-AA72-86CA7F7DDFC0}.Release|x64.ActiveCfg = Debug|Any CPU
		{942E58B0-A334-4A64-AA72-86CA7F7DDFC0}.Release|x64.Build.0 = Debug|Any CPU
		{942E58B0-A334-4A64-AA72-86CA7F7DDFC0}.Release|x86.ActiveCfg = Debug|Any CPU
		{942E58B0-A334-4A64-AA72-86CA7F7DDFC0}.Release|x86.Build.0 = Debug|Any CPU
		{16F95AB2-2F00-4C50-BFA4-581E9AB65B9B}.Debug|Any CPU.ActiveCfg = Debug|x86
		{16F95AB2-2F00-4C50-BFA4-581E9AB65B9B}.Debug|ARM.ActiveCfg = Debug|ARM
		{16F95AB2-2F00-4C50-BFA4-581E9AB65B9B}.Debug|ARM.Build.0 = Debug|ARM
		{16F95AB2-2F00-4C50-BFA4-581E9AB65B9B}.Debug|ARM.Deploy.0 = Debug|ARM
		{16F95AB2-2F00-4C50-BFA4-581E9AB65B9B}.Debug|x64.ActiveCfg = Debug|x64
		{16F95AB2-2F00-4C50-BFA4-581E9AB65B9B}.Debug|x64.Build.0 = Debug|x64
		{16F95AB2-2F00-4C50-BFA4-581E9AB65B9B}.Debug|x64.Deploy.0 = Debug|x64
		{16F95AB2-2F00-4C50-BFA4-581E9AB65B9B}.Debug|x86.ActiveCfg = Debug|x86
		{16F95AB2-2F00-4C50-BFA4-581E9AB65B9B}.Debug|x86.Build.0 = Debug|x86
		{16F95AB2-2F00-4C50-BFA4-581E9AB65B9B}.Debug|x86.Deploy.0 = Debug|x86
		{16F95AB2-2F00-4C50-BFA4-581E9AB65B9B}.Release|Any CPU.ActiveCfg = Release|x86
		{16F95AB2-2F00-4C50-BFA4-581E9AB65B9B}.Release|ARM.ActiveCfg = Release|ARM
		{16F95AB2-2F00-4C50-BFA4-581E9AB65B9B}.Release|ARM.Build.0 = Release|ARM
		{16F95AB2-2F00-4C50-BFA4-581E9AB65B9B}.Release|ARM.Deploy.0 = Release|ARM
		{16F95AB2-2F00-4C50-BFA4-581E9AB65B9B}.Release|x64.ActiveCfg = Release|x64
		{16F95AB2-2F00-4C50-BFA4-581E9AB65B9B}.Release|x64.Build.0 = Release|x64
		{16F95AB2-2F00-4C50-BFA4-581E9AB65B9B}.Release|x64.Deploy.0 = Release|x64
		{16F95AB2-2F00-4C50-BFA4-581E9AB65B9B}.Release|x86.ActiveCfg = Release|x86
		{16F95AB2-2F00-4C50-BFA4-581E9AB65B9B}.Release|x86.Build.0 = Release|x86
		{16F95AB2-2F00-4C50-BFA4-581E9AB65B9B}.Release|x86.Deploy.0 = Release|x86
	EndGlobalSection
	GlobalSection(SolutionProperties) = preSolution
		HideSolutionNode = FALSE
	EndGlobalSection
EndGlobal
